
Microsoft Visual Studio Solution File, Format Version 9.00
# Visual Studio 2005
Project("{FAE04EC0-301F-11D3-BF4B-00C04F79EFBC}") = "JSBuild", "JSBuild\JSBuild.csproj", "{2DA34A55-E910-4334-9179-F7F391A9E6B9}"
EndProject
Project("{FAE04EC0-301F-11D3-BF4B-00C04F79EFBC}") = "JSBuildConsole", "JSBuildConsole\JSBuildConsole.csproj", "{FAB656F2-A971-4144-B861-C920DDDC6D3F}"
EndProject
Project("{FAE04EC0-301F-11D3-BF4B-00C04F79EFBC}") = "JSBuildLib", "JSBuildLib\JSBuildLib.csproj", "{554AAF35-D3C0-420B-ACA8-7FA39EB11A05}"
EndProject
Project("{54435603-DBB4-11D2-8724-00A0C9A8B90C}") = "JSBuildSetup", "JSBuildSetup\JSBuildSetup.vdproj", "{8A23AEB4-55F0-4CC9-9A1F-D955D7B8D044}"
EndProject
Global
	GlobalSection(SolutionConfigurationPlatforms) = preSolution
		Debug|Any CPU = Debug|Any CPU
		Release|Any CPU = Release|Any CPU
	EndGlobalSection
	GlobalSection(ProjectConfigurationPlatforms) = postSolution
		{2DA34A55-E910-4334-9179-F7F391A9E6B9}.Debug|Any CPU.ActiveCfg = Debug|Any CPU
		{2DA34A55-E910-4334-9179-F7F391A9E6B9}.Debug|Any CPU.Build.0 = Debug|Any CPU
		{2DA34A55-E910-4334-9179-F7F391A9E6B9}.Release|Any CPU.ActiveCfg = Release|Any CPU
		{2DA34A55-E910-4334-9179-F7F391A9E6B9}.Release|Any CPU.Build.0 = Release|Any CPU
		{FAB656F2-A971-4144-B861-C920DDDC6D3F}.Debug|Any CPU.ActiveCfg = Debug|Any CPU
		{FAB656F2-A971-4144-B861-C920DDDC6D3F}.Debug|Any CPU.Build.0 = Debug|Any CPU
		{FAB656F2-A971-4144-B861-C920DDDC6D3F}.Release|Any CPU.ActiveCfg = Release|Any CPU
		{FAB656F2-A971-4144-B861-C920DDDC6D3F}.Release|Any CPU.Build.0 = Release|Any CPU
		{554AAF35-D3C0-420B-ACA8-7FA39EB11A05}.Debug|Any CPU.ActiveCfg = Debug|Any CPU
		{554AAF35-D3C0-420B-ACA8-7FA39EB11A05}.Debug|Any CPU.Build.0 = Debug|Any CPU
		{554AAF35-D3C0-420B-ACA8-7FA39EB11A05}.Release|Any CPU.ActiveCfg = Release|Any CPU
		{554AAF35-D3C0-420B-ACA8-7FA39EB11A05}.Release|Any CPU.Build.0 = Release|Any CPU
		{8A23AEB4-55F0-4CC9-9A1F-D955D7B8D044}.Debug|Any CPU.ActiveCfg = Debug
		{8A23AEB4-55F0-4CC9-9A1F-D955D7B8D044}.Debug|Any CPU.Build.0 = Debug
		{8A23AEB4-55F0-4CC9-9A1F-D955D7B8D044}.Release|Any CPU.ActiveCfg = Release
		{8A23AEB4-55F0-4CC9-9A1F-D955D7B8D044}.Release|Any CPU.Build.0 = Release
	EndGlobalSection
	GlobalSection(SolutionProperties) = preSolution
		HideSolutionNode = FALSE
	EndGlobalSection
EndGlobal
